{
  "name": "agent-store-frontend",
  "version": "0.1.0",
  "lockfileVersion": 3,
  "requires": true,
  "packages": {
    "": {
      "name": "agent-store-frontend",
      "version": "0.1.0",
      "dependencies": {
        "@sxf/er-components": "file:../vendor/enterprise-vue2/sxf-er-components-1.27.5.tgz",
        "@sxf/er-config": "file:../vendor/enterprise-vue2/sxf-er-config-1.4.0.tgz",
        "@sxf/er-feature": "file:../vendor/enterprise-vue2/sxf-er-feature-0.1.0.tgz",
        "@sxf/er-lib": "file:../vendor/enterprise-vue2/sxf-er-lib-1.0.0.tgz",
        "@sxf/er-style": "file:../vendor/enterprise-vue2/sxf-er-style-1.2.1.tgz",
        "@sxf/er-utils": "file:../vendor/enterprise-vue2/sxf-er-utils-1.4.0.tgz",
        "@sxf/er-validator": "file:../vendor/enterprise-vue2/sxf-er-validator-1.2.0.tgz",
        "@sxf/er-widget": "file:../vendor/enterprise-vue2/sxf-er-widget-1.15.2.tgz",
        "@sxf/intl": "file:../vendor/enterprise-vue2/sxf-intl-2.5.3.tgz",
        "@sxf/jquery": "file:../vendor/enterprise-vue2/sxf-jquery-1.0.6.tgz",
        "@sxf/sf-theme": "file:../vendor/enterprise-vue2/sxf-sf-theme-0.2.5.tgz",
        "@sxf/vtv-icon": "file:../vendor/enterprise-vue2/sxf-vtv-icon-1.0.272.tgz",
        "@sxf/vue-intl": "file:../vendor/enterprise-vue2/sxf-vue-intl-1.11.4.tgz",
        "@uedc/sf-layout": "file:../vendor/enterprise-vue2/uedc-sf-layout-1.15.0.tgz",
        "jquery": "file:../vendor/enterprise-vue2/sxf-jquery-1.0.6.tgz",
        "lodash-es": "file:../vendor/enterprise-vue2/lodash-es-4.18.1.tgz",
        "v-viewer": "file:../vendor/enterprise-vue2/v-viewer-1.7.4.tgz",
        "viewerjs": "file:../vendor/enterprise-vue2/viewerjs-1.11.7.tgz",
        "vue": "file:../vendor/enterprise-vue2/vue-2.7.16.tgz",
        "vue-runtime-helpers": "file:../vendor/enterprise-vue2/vue-runtime-helpers-1.1.2.tgz"
      }
    },
    "node_modules/@apollo/client": {
      "version": "3.14.1",
      "resolved": "https://registry.npmjs.org/@apollo/client/-/client-3.14.1.tgz",
      "integrity": "sha512-SgGX6E23JsZhUdG2anxiyHvEvvN6CUaI4ZfMsndZFeuHPXL3H0IsaiNAhLITSISbeyeYd+CBd9oERXQDdjXWZw==",
      "license": "MIT",
      "dependencies": {
        "@graphql-typed-document-node/core": "^3.1.1",
        "@wry/caches": "^1.0.0",
        "@wry/equality": "^0.5.6",
        "@wry/trie": "^0.5.0",
        "graphql-tag": "^2.12.6",
        "hoist-non-react-statics": "^3.3.2",
        "optimism": "^0.18.0",
        "prop-types": "^15.7.2",
        "rehackt": "^0.1.0",
        "symbol-observable": "^4.0.0",
        "ts-invariant": "^0.10.3",
        "tslib": "^2.3.0",
        "zen-observable-ts": "^1.2.5"
      },
      "peerDependencies": {
        "graphql": "^15.0.0 || ^16.0.0",
        "graphql-ws": "^5.5.5 || ^6.0.3",
        "react": "^16.8.0 || ^17.0.0 || ^18.0.0 || >=19.0.0-rc",
        "react-dom": "^16.8.0 || ^17.0.0 || ^18.0.0 || >=19.0.0-rc",
        "subscriptions-transport-ws": "^0.9.0 || ^0.11.0"
      },
      "peerDependenciesMeta": {
        "graphql-ws": {
          "optional": true
        },
        "react": {
          "optional": true
        },
        "react-dom": {
          "optional": true
        },
        "subscriptions-transport-ws": {
          "optional": true
        }
      }
    },
    "node_modules/@babel/helper-string-parser": {
      "version": "7.27.1",
      "resolved": "https://registry.npmjs.org/@babel/helper-string-parser/-/helper-string-parser-7.27.1.tgz",
      "integrity": "sha512-qMlSxKbpRlAridDExk92nSobyDdpPijUq2DW6oDnUqd0iOGxmQjyqhMIihI9+zv4LPyZdRje2cavWPbCbWm3eA==",
      "license": "MIT",
      "engines": {
        "node": ">=6.9.0"
      }
    },
    "node_modules/@babel/helper-validator-identifier": {
      "version": "7.28.5",
      "resolved": "https://registry.npmjs.org/@babel/helper-validator-identifier/-/helper-validator-identifier-7.28.5.tgz",
      "integrity": "sha512-qSs4ifwzKJSV39ucNjsvc6WVHs6b7S03sOh2OcHF9UHfVPqWWALUsNUVzhSBiItjRZoLHx7nIarVjqKVusUZ1Q==",
      "license": "MIT",
      "engines": {
        "node": ">=6.9.0"
      }
    },
    "node_modules/@babel/parser": {
      "version": "7.29.3",
      "resolved": "https://registry.npmjs.org/@babel/parser/-/parser-7.29.3.tgz",
      "integrity": "sha512-b3ctpQwp+PROvU/cttc4OYl4MzfJUWy6FZg+PMXfzmt/+39iHVF0sDfqay8TQM3JA2EUOyKcFZt75jWriQijsA==",
      "license": "MIT",
      "dependencies": {
        "@babel/types": "^7.29.0"
      },
      "bin": {
        "parser": "bin/babel-parser.js"
      },
      "engines": {
        "node": ">=6.0.0"
      }
    },
    "node_modules/@babel/runtime": {
      "version": "7.29.2",
      "resolved": "https://registry.npmjs.org/@babel/runtime/-/runtime-7.29.2.tgz",
      "integrity": "sha512-JiDShH45zKHWyGe4ZNVRrCjBz8Nh9TMmZG1kh4QTK8hCBTWBi8Da+i7s1fJw7/lYpM4ccepSNfqzZ/QvABBi5g==",
      "license": "MIT",
      "engines": {
        "node": ">=6.9.0"
      }
    },
    "node_modules/@babel/types": {
      "version": "7.29.0",
      "resolved": "https://registry.npmjs.org/@babel/types/-/types-7.29.0.tgz",
      "integrity": "sha512-LwdZHpScM4Qz8Xw2iKSzS+cfglZzJGvofQICy7W7v4caru4EaAmyUuO6BGrbyQ2mYV11W0U8j5mBhd14dd3B0A==",
      "license": "MIT",
      "dependencies": {
        "@babel/helper-string-parser": "^7.27.1",
        "@babel/helper-validator-identifier": "^7.28.5"
      },
      "engines": {
        "node": ">=6.9.0"
      }
    },
    "node_modules/@formatjs/ecma402-abstract": {
      "version": "1.11.3",
      "resolved": "https://registry.npmjs.org/@formatjs/ecma402-abstract/-/ecma402-abstract-1.11.3.tgz",
      "integrity": "sha512-kP/Buv5vVFMAYLHNvvUzr0lwRTU0u2WTy44Tqwku1X3C3lJ5dKqDCYVqA8wL+Y19Bq+MwHgxqd5FZJRCIsLRyQ==",
      "license": "MIT",
      "dependencies": {
        "@formatjs/intl-localematcher": "0.2.24",
        "tslib": "^2.1.0"
      }
    },
    "node_modules/@formatjs/fast-memoize": {
      "version": "1.2.1",
      "resolved": "https://registry.npmjs.org/@formatjs/fast-memoize/-/fast-memoize-1.2.1.tgz",
      "integrity": "sha512-Rg0e76nomkz3vF9IPlKeV+Qynok0r7YZjL6syLz4/urSg0IbjPZCB/iYUMNsYA643gh4mgrX3T7KEIFIxJBQeg==",
      "license": "MIT",
      "dependencies": {
        "tslib": "^2.1.0"
      }
    },
    "node_modules/@formatjs/icu-messageformat-parser": {
      "version": "2.0.18",
      "resolved": "https://registry.npmjs.org/@formatjs/icu-messageformat-parser/-/icu-messageformat-parser-2.0.18.tgz",
      "integrity": "sha512-vquIzsAJJmZ5jWVH8dEgUKcbG4yu3KqtyPet+q35SW5reLOvblkfeCXTRW2TpIwNXzdVqsJBwjbTiRiSU9JxwQ==",
      "license": "MIT",
      "dependencies": {
        "@formatjs/ecma402-abstract": "1.11.3",
        "@formatjs/icu-skeleton-parser": "1.3.5",
        "tslib": "^2.1.0"
      }
    },
    "node_modules/@formatjs/icu-skeleton-parser": {
      "version": "1.3.5",
      "resolved": "https://registry.npmjs.org/@formatjs/icu-skeleton-parser/-/icu-skeleton-parser-1.3.5.tgz",
      "integrity": "sha512-Nhyo2/6kG7ZfgeEfo02sxviOuBcvtzH6SYUharj3DLCDJH3A/4OxkKcmx/2PWGX4bc6iSieh+FA94CsKDxnZBQ==",
      "license": "MIT",
      "dependencies": {
        "@formatjs/ecma402-abstract": "1.11.3",
        "tslib": "^2.1.0"
      }
    },
    "node_modules/@formatjs/intl": {
      "version": "1.18.5",
      "resolved": "https://registry.npmjs.org/@formatjs/intl/-/intl-1.18.5.tgz",
      "integrity": "sha512-5jiC7neCMXMAa/uQU68plY3vxQqtDjiFPkvc6fEuCmNoVZkIya9uMG8uqM2Z0BOX6xg0K1ohHuj+VLHDDx1fEw==",
      "license": "MIT",
      "dependencies": {
        "@formatjs/ecma402-abstract": "1.11.3",
        "@formatjs/fast-memoize": "1.2.1",
        "@formatjs/icu-messageformat-parser": "2.0.18",
        "@formatjs/intl-displaynames": "5.4.2",
        "@formatjs/intl-listformat": "6.5.2",
        "intl-messageformat": "9.11.4",
        "tslib": "^2.1.0"
      },
      "peerDependencies": {
        "typescript": "^4.5"
      },
      "peerDependenciesMeta": {
        "typescript": {
          "optional": true
        }
      }
    },
    "node_modules/@formatjs/intl-displaynames": {
      "version": "5.4.2",
      "resolved": "https://registry.npmjs.org/@formatjs/intl-displaynames/-/intl-displaynames-5.4.2.tgz",
      "integrity": "sha512-SLesCDan9NCMqBbHPXMEwqAcPn3tnbQw0sv0rssH1JQDLDUQYwKXL93kz30X3yskTyQS7N+pd47bhoIe3kbXyw==",
      "license": "MIT",
      "dependencies": {
        "@formatjs/ecma402-abstract": "1.11.3",
        "@formatjs/intl-localematcher": "0.2.24",
        "tslib": "^2.1.0"
      }
    },
    "node_modules/@formatjs/intl-listformat": {
      "version": "6.5.2",
      "resolved": "https://registry.npmjs.org/@formatjs/intl-listformat/-/intl-listformat-6.5.2.tgz",
      "integrity": "sha512-/IYagQJkzTvpBlhhaysGYNgM3o72WBg1ZWZcpookkgXEJbINwLP5kVagHxmgxffYKs1CDzQ8rmKHghu2qR/7zw==",
      "license": "MIT",
      "dependencies": {
        "@formatjs/ecma402-abstract": "1.11.3",
        "@formatjs/intl-localematcher": "0.2.24",
        "tslib": "^2.1.0"
      }
    },
    "node_modules/@formatjs/intl-localematcher": {
      "version": "0.2.24",
      "resolved": "https://registry.npmjs.org/@formatjs/intl-localematcher/-/intl-localematcher-0.2.24.tgz",
      "integrity": "sha512-K/HRGo6EMnCbhpth/y3u4rW4aXkmQNqRe1L2G+Y5jNr3v0gYhvaucV8WixNju/INAMbPBlbsRBRo/nfjnoOnxQ==",
      "license": "MIT",
      "dependencies": {
        "tslib": "^2.1.0"
      }
    },
    "node_modules/@graphql-typed-document-node/core": {
      "version": "3.2.0",
      "resolved": "https://registry.npmjs.org/@graphql-typed-document-node/core/-/core-3.2.0.tgz",
      "integrity": "sha512-mB9oAsNCm9aM3/SOv4YtBMqZbYj10R7dkq8byBqxGY/ncFwhf2oQzMV+LCRlWoDSEBJ3COiR1yeDvMtsoOsuFQ==",
      "license": "MIT",
      "peerDependencies": {
        "graphql": "^0.8.0 || ^0.9.0 || ^0.10.0 || ^0.11.0 || ^0.12.0 || ^0.13.0 || ^14.0.0 || ^15.0.0 || ^16.0.0 || ^17.0.0"
      }
    },
    "node_modules/@sxf/er-components": {
      "version": "1.27.5",
      "resolved": "file:../vendor/enterprise-vue2/sxf-er-components-1.27.5.tgz",
      "integrity": "sha512-ugOnFLPh8Egd6f9yiimeXLD8eo4GJDc7SURaeDS4TjzOBQAg8GbLeAIaPIBvJg1arhp0hfNZcBJ0dh3ynorCmQ==",
      "license": "MIT",
      "dependencies": {
        "@sxf/sf-theme": "^0.2.5",
        "v-viewer": "^1.6.4",
        "viewerjs": "^1.11.3",
        "vue-runtime-helpers": "^1.1.2"
      },
      "peerDependencies": {
        "@sxf/er-config": "^1.4.0",
        "@sxf/er-feature": "^0.1.0",
        "@sxf/er-lib": "^1.0.0",
        "@sxf/er-style": "^1.2.1",
        "@sxf/er-utils": "^1.4.0",
        "@sxf/er-validator": "^1.2.0",
        "@sxf/er-widget": "^1.15.2",
        "@sxf/vtv-icon": "^1.0.181",
        "@uedc/sf-layout": "^1.6.0",
        "jquery": "npm:@sxf/jquery@1.0.6",
        "lodash-es": "^4.17.21"
      }
    },
    "node_modules/@sxf/er-config": {
      "version": "1.4.0",
      "resolved": "file:../vendor/enterprise-vue2/sxf-er-config-1.4.0.tgz",
      "integrity": "sha512-W5mFIm3s/EyJXMl2lfemx4RS/HkEpvuHXGxqs9FyEQQYUCoO7EuG0GyxzFvg72dP/49y1Or4TPkyFeCA/LeOeA==",
      "license": "MIT",
      "peerDependencies": {
        "@sxf/er-feature": "^0.1.0",
        "@sxf/vue-intl": "^1.11.0"
      }
    },
    "node_modules/@sxf/er-feature": {
      "version": "0.1.0",
      "resolved": "file:../vendor/enterprise-vue2/sxf-er-feature-0.1.0.tgz",
      "integrity": "sha512-qGDSlyoqnWjX5cWJbbYi5dbIUgIfRpxCkVxjXx7GtuDPwtT6VaEO8w/J5w4D9vfouewmz1XBTTyXITtDh++NeA==",
      "license": "MIT"
    },
    "node_modules/@sxf/er-lib": {
      "version": "1.0.0",
      "resolved": "file:../vendor/enterprise-vue2/sxf-er-lib-1.0.0.tgz",
      "integrity": "sha512-VkuW0usOPniCiDAHeT3sBTw3BHQXPYOQHVeQpHoKYy3i97LarL3Bo+isBYHGgalOJ86ZMHAUIDYj/jkbfitC9g==",
      "license": "MIT",
      "dependencies": {
        "clipboard": "2.0.4"
      },
      "peerDependencies": {
        "@sxf/er-config": "^1.0.0"
      }
    },
    "node_modules/@sxf/er-style": {
      "version": "1.2.1",
      "resolved": "file:../vendor/enterprise-vue2/sxf-er-style-1.2.1.tgz",
      "integrity": "sha512-aTqQSkwhSjz3Fn3FhBDsbF67FAWI0/49rra363V4pt3HszUwLOu2VotHw8D+Eo20FTSZvdwebc2IGH9z1g/VZQ==",
      "license": "MIT",
      "dependencies": {
        "@sxf/sf-theme": "^0.2.5"
      },
      "peerDependencies": {
        "@sxf/vtv-icon": "^1.0.181"
      }
    },
    "node_modules/@sxf/er-utils": {
      "version": "1.4.0",
      "resolved": "file:../vendor/enterprise-vue2/sxf-er-utils-1.4.0.tgz",
      "integrity": "sha512-GE8HPon6eUlIw3pgLGIq/QYCT0JPnnGTWD6neRnJq15N4fBynMhGx5raAepP/tqCiDvZRDPyPI733VOwcRoCBg==",
      "license": "MIT",
      "dependencies": {
        "@apollo/client": "^3.9.6",
        "ipaddr.js": "^2.0.1",
        "xss": "^1.0.11"
      },
      "peerDependencies": {
        "@apollo/client": "^3.9.6",
        "@sxf/er-config": "^1.4.0",
        "jquery": "npm:@sxf/jquery@1.0.6"
      }
    },
    "node_modules/@sxf/er-validator": {
      "version": "1.2.0",
      "resolved": "file:../vendor/enterprise-vue2/sxf-er-validator-1.2.0.tgz",
      "integrity": "sha512-7a6eb7p1j6d/kFwENsjT1AtsR0fO1i020nE/WOkdRNQs+nHR6jrHpaq/mup7mhXG7j0sXjRU5Xg4DCtpsqMWzw==",
      "license": "MIT",
      "peerDependencies": {
        "@sxf/er-config": "^1.3.0",
        "@sxf/er-utils": "^1.1.0",
        "@sxf/er-widget": "^1.10.0",
        "jquery": "npm:@sxf/jquery@1.0.6"
      }
    },
    "node_modules/@sxf/er-widget": {
      "version": "1.15.2",
      "resolved": "file:../vendor/enterprise-vue2/sxf-er-widget-1.15.2.tgz",
      "integrity": "sha512-zydxyXNRfZl/xacOZR48X3WOvKyQxFS5VyWpS4Otsftd/zsummHmlqD+jhVs8MShiRKdPRlrG7RWQxlzCN7MdQ==",
      "license": "MIT",
      "peerDependencies": {
        "@sxf/er-config": "^1.4.0",
        "@sxf/er-feature": "^0.1.0",
        "@sxf/er-lib": "^1.0.0",
        "@sxf/er-utils": "^1.4.0",
        "jquery": "npm:@sxf/jquery@1.0.6"
      }
    },
    "node_modules/@sxf/intl": {
      "version": "2.5.3",
      "resolved": "file:../vendor/enterprise-vue2/sxf-intl-2.5.3.tgz",
      "integrity": "sha512-C9JueAk/Ts/6lq/7qkEvHOv4YfrFHdm67v2FQQQbftsASeSucR6APO71UdAWBX85IhDn2mHS9/PCvHOnmTOCgQ==",
      "license": "MIT",
      "dependencies": {
        "@babel/runtime": "^7.14.6",
        "@formatjs/intl": "^1.13.2"
      }
    },
    "node_modules/@sxf/jquery": {
      "version": "1.0.6",
      "resolved": "file:../vendor/enterprise-vue2/sxf-jquery-1.0.6.tgz",
      "integrity": "sha512-tzvx/H97Xbe/JDHBVb7quVSNbHtHElQDj81IFdorxR9iQKXZIQvdFIMLT0vUTjK/st/I3d/STPOUBFxND/nohw==",
      "license": "MIT",
      "dependencies": {
        "jquery-mousewheel": "3.1.12"
      }
    },
    "node_modules/@sxf/sf-theme": {
      "version": "0.2.5",
      "resolved": "file:../vendor/enterprise-vue2/sxf-sf-theme-0.2.5.tgz",
      "integrity": "sha512-JywxtgjlUNT+eL4Vd3Pb2pmVAKofpamkBP6ng4XyuOPjVpX0LfPkJrbkbEVi+AsE4JHn6QGORYO7Q9xf6xOj1w==",
      "license": "MIT"
    },
    "node_modules/@sxf/vtv-icon": {
      "version": "1.0.272",
      "resolved": "file:../vendor/enterprise-vue2/sxf-vtv-icon-1.0.272.tgz",
      "integrity": "sha512-bFkOMvltvIOZ3KGHGTOuQLR8W6e4Cvd9FOVyfyiEoJ4YibdpsbaX8k5ZfsppcXdB1vXK6Clj23qNiIspuqsYoQ==",
      "license": "MIT"
    },
    "node_modules/@sxf/vue-intl": {
      "version": "1.11.4",
      "resolved": "file:../vendor/enterprise-vue2/sxf-vue-intl-1.11.4.tgz",
      "integrity": "sha512-NwmaLl7H+o5vY+/NsWuSWGArZcwDt9u1A8sr1Y7hR6lsLGE5NHu8WpAdrL3kVeMnwcuWD4qfl6Ev0FdrxByPVQ==",
      "license": "MIT",
      "dependencies": {
        "@babel/runtime": "^7.14.6",
        "@sxf/intl": "2.5.3"
      },
      "peerDependencies": {
        "vue": "^2.0.0"
      }
    },
    "node_modules/@uedc/sf-layout": {
      "version": "1.15.0",
      "resolved": "file:../vendor/enterprise-vue2/uedc-sf-layout-1.15.0.tgz",
      "integrity": "sha512-tZ/vV0KTO3BSo6hc0+yR7KrGxsFs9TJIlsgc0PqB1LXVWyNTSdgBlm0s/qjoozQY/O5vpgbEz5Mg4r0cjdJaIA==",
      "license": "MIT",
      "dependencies": {
        "core-js": "3"
      },
      "engines": {
        "node": ">=12.0.0",
        "yarn": ">=1.4.2"
      }
    },
    "node_modules/@vue/compiler-sfc": {
      "version": "2.7.16",
      "resolved": "https://registry.npmjs.org/@vue/compiler-sfc/-/compiler-sfc-2.7.16.tgz",
      "integrity": "sha512-KWhJ9k5nXuNtygPU7+t1rX6baZeqOYLEforUPjgNDBnLicfHCoi48H87Q8XyLZOrNNsmhuwKqtpDQWjEFe6Ekg==",
      "dependencies": {
        "@babel/parser": "^7.23.5",
        "postcss": "^8.4.14",
        "source-map": "^0.6.1"
      },
      "optionalDependencies": {
        "prettier": "^1.18.2 || ^2.0.0"
      }
    },
    "node_modules/@wry/caches": {
      "version": "1.0.1",
      "resolved": "https://registry.npmjs.org/@wry/caches/-/caches-1.0.1.tgz",
      "integrity": "sha512-bXuaUNLVVkD20wcGBWRyo7j9N3TxePEWFZj2Y+r9OoUzfqmavM84+mFykRicNsBqatba5JLay1t48wxaXaWnlA==",
      "license": "MIT",
      "dependencies": {
        "tslib": "^2.3.0"
      },
      "engines": {
        "node": ">=8"
      }
    },
    "node_modules/@wry/context": {
      "version": "0.7.4",
      "resolved": "https://registry.npmjs.org/@wry/context/-/context-0.7.4.tgz",
      "integrity": "sha512-jmT7Sb4ZQWI5iyu3lobQxICu2nC/vbUhP0vIdd6tHC9PTfenmRmuIFqktc6GH9cgi+ZHnsLWPvfSvc4DrYmKiQ==",
      "license": "MIT",
      "dependencies": {
        "tslib": "^2.3.0"
      },
      "engines": {
        "node": ">=8"
      }
    },
    "node_modules/@wry/equality": {
      "version": "0.5.7",
      "resolved": "https://registry.npmjs.org/@wry/equality/-/equality-0.5.7.tgz",
      "integrity": "sha512-BRFORjsTuQv5gxcXsuDXx6oGRhuVsEGwZy6LOzRRfgu+eSfxbhUQ9L9YtSEIuIjY/o7g3iWFjrc5eSY1GXP2Dw==",
      "license": "MIT",
      "dependencies": {
        "tslib": "^2.3.0"
      },
      "engines": {
        "node": ">=8"
      }
    },
    "node_modules/@wry/trie": {
      "version": "0.5.0",
      "resolved": "https://registry.npmjs.org/@wry/trie/-/trie-0.5.0.tgz",
      "integrity": "sha512-FNoYzHawTMk/6KMQoEG5O4PuioX19UbwdQKF44yw0nLfOypfQdjtfZzo/UIJWAJ23sNIFbD1Ug9lbaDGMwbqQA==",
      "license": "MIT",
      "dependencies": {
        "tslib": "^2.3.0"
      },
      "engines": {
        "node": ">=8"
      }
    },
    "node_modules/clipboard": {
      "version": "2.0.4",
      "resolved": "https://registry.npmjs.org/clipboard/-/clipboard-2.0.4.tgz",
      "integrity": "sha512-Vw26VSLRpJfBofiVaFb/I8PVfdI1OxKcYShe6fm0sP/DtmiWQNCjhM/okTvdCo0G+lMMm1rMYbk4IK4x1X+kgQ==",
      "license": "MIT",
      "dependencies": {
        "good-listener": "^1.2.2",
        "select": "^1.1.2",
        "tiny-emitter": "^2.0.0"
      }
    },
    "node_modules/commander": {
      "version": "2.20.3",
      "resolved": "https://registry.npmjs.org/commander/-/commander-2.20.3.tgz",
      "integrity": "sha512-GpVkmM8vF2vQUkj2LvZmD35JxeJOLCwJ9cUkugyk2nuhbv3+mJvpLYYt+0+USMxE+oj+ey/lJEnhZw75x/OMcQ==",
      "license": "MIT"
    },
    "node_modules/core-js": {
      "version": "3.49.0",
      "resolved": "https://registry.npmjs.org/core-js/-/core-js-3.49.0.tgz",
      "integrity": "sha512-es1U2+YTtzpwkxVLwAFdSpaIMyQaq0PBgm3YD1W3Qpsn1NAmO3KSgZfu+oGSWVu6NvLHoHCV/aYcsE5wiB7ALg==",
      "hasInstallScript": true,
      "license": "MIT",
      "funding": {
        "type": "opencollective",
        "url": "https://opencollective.com/core-js"
      }
    },
    "node_modules/cssfilter": {
      "version": "0.0.10",
      "resolved": "https://registry.npmjs.org/cssfilter/-/cssfilter-0.0.10.tgz",
      "integrity": "sha512-FAaLDaplstoRsDR8XGYH51znUN0UY7nMc6Z9/fvE8EXGwvJE9hu7W2vHwx1+bd6gCYnln9nLbzxFTrcO9YQDZw==",
      "license": "MIT"
    },
    "node_modules/csstype": {
      "version": "3.2.3",
      "resolved": "https://registry.npmjs.org/csstype/-/csstype-3.2.3.tgz",
      "integrity": "sha512-z1HGKcYy2xA8AGQfwrn0PAy+PB7X/GSj3UVJW9qKyn43xWa+gl5nXmU4qqLMRzWVLFC8KusUX8T/0kCiOYpAIQ==",
      "license": "MIT"
    },
    "node_modules/delegate": {
      "version": "3.2.0",
      "resolved": "https://registry.npmjs.org/delegate/-/delegate-3.2.0.tgz",
      "integrity": "sha512-IofjkYBZaZivn0V8nnsMJGBr4jVLxHDheKSW88PyxS5QC4Vo9ZbZVvhzlSxY87fVq3STR6r+4cGepyHkcWOQSw==",
      "license": "MIT"
    },
    "node_modules/good-listener": {
      "version": "1.2.2",
      "resolved": "https://registry.npmjs.org/good-listener/-/good-listener-1.2.2.tgz",
      "integrity": "sha512-goW1b+d9q/HIwbVYZzZ6SsTr4IgE+WA44A0GmPIQstuOrgsFcT7VEJ48nmr9GaRtNu0XTKacFLGnBPAM6Afouw==",
      "license": "MIT",
      "dependencies": {
        "delegate": "^3.1.2"
      }
    },
    "node_modules/graphql-tag": {
      "version": "2.12.6",
      "resolved": "https://registry.npmjs.org/graphql-tag/-/graphql-tag-2.12.6.tgz",
      "integrity": "sha512-FdSNcu2QQcWnM2VNvSCCDCVS5PpPqpzgFT8+GXzqJuoDd0CBncxCY278u4mhRO7tMgo2JjgJA5aZ+nWSQ/Z+xg==",
      "license": "MIT",
      "dependencies": {
        "tslib": "^2.1.0"
      },
      "engines": {
        "node": ">=10"
      },
      "peerDependencies": {
        "graphql": "^0.9.0 || ^0.10.0 || ^0.11.0 || ^0.12.0 || ^0.13.0 || ^14.0.0 || ^15.0.0 || ^16.0.0"
      }
    },
    "node_modules/hoist-non-react-statics": {
      "version": "3.3.2",
      "resolved": "https://registry.npmjs.org/hoist-non-react-statics/-/hoist-non-react-statics-3.3.2.tgz",
      "integrity": "sha512-/gGivxi8JPKWNm/W0jSmzcMPpfpPLc3dY/6GxhX2hQ9iGj3aDfklV4ET7NjKpSinLpJ5vafa9iiGIEZg10SfBw==",
      "license": "BSD-3-Clause",
      "dependencies": {
        "react-is": "^16.7.0"
      }
    },
    "node_modules/intl-messageformat": {
      "version": "9.11.4",
      "resolved": "https://registry.npmjs.org/intl-messageformat/-/intl-messageformat-9.11.4.tgz",
      "integrity": "sha512-77TSkNubIy/hsapz6LQpyR6OADcxhWdhSaboPb5flMaALCVkPvAIxr48AlPqaMl4r1anNcvR9rpLWVdwUY1IKg==",
      "license": "BSD-3-Clause",
      "dependencies": {
        "@formatjs/ecma402-abstract": "1.11.3",
        "@formatjs/fast-memoize": "1.2.1",
        "@formatjs/icu-messageformat-parser": "2.0.18",
        "tslib": "^2.1.0"
      }
    },
    "node_modules/ipaddr.js": {
      "version": "2.4.0",
      "resolved": "https://registry.npmjs.org/ipaddr.js/-/ipaddr.js-2.4.0.tgz",
      "integrity": "sha512-9VGk3HGanVE6JoZXHiCpnGy5X0jYDnN4EA4lntFPj+1vIWlFhIylq2CrrCOJH9EAhc5CYhq18F2Av2tgoAPsYQ==",
      "license": "MIT",
      "engines": {
        "node": ">= 10"
      }
    },
    "node_modules/jquery": {
      "name": "@sxf/jquery",
      "version": "1.0.6",
      "resolved": "file:../vendor/enterprise-vue2/sxf-jquery-1.0.6.tgz",
      "integrity": "sha512-tzvx/H97Xbe/JDHBVb7quVSNbHtHElQDj81IFdorxR9iQKXZIQvdFIMLT0vUTjK/st/I3d/STPOUBFxND/nohw==",
      "license": "MIT",
      "dependencies": {
        "jquery-mousewheel": "3.1.12"
      }
    },
    "node_modules/jquery-mousewheel": {
      "version": "3.1.12",
      "resolved": "https://registry.npmjs.org/jquery-mousewheel/-/jquery-mousewheel-3.1.12.tgz",
      "integrity": "sha512-Ca6lNBWNVRu8pbEykOclFBjTMIo+mz/oao6EcBthi07dT+QE+BzuVBGuM9nDOjA9IqOFZdZjiEREnY1UJl3dFg==",
      "license": "MIT"
    },
    "node_modules/js-tokens": {
      "version": "4.0.0",
      "resolved": "https://registry.npmjs.org/js-tokens/-/js-tokens-4.0.0.tgz",
      "integrity": "sha512-RdJUflcE3cUzKiMqQgsCu06FPu9UdIJO0beYbPhHN4k6apgJtifcoCtT9bcxOpYBtpD2kCM6Sbzg4CausW/PKQ==",
      "license": "MIT"
    },
    "node_modules/lodash-es": {
      "version": "4.18.1",
      "resolved": "file:../vendor/enterprise-vue2/lodash-es-4.18.1.tgz",
      "integrity": "sha512-J8xewKD/Gk22OZbhpOVSwcs60zhd95ESDwezOFuA3/099925PdHJ7OFHNTGtajL3AlZkykD32HykiMo+BIBI8A==",
      "license": "MIT"
    },
    "node_modules/loose-envify": {
      "version": "1.4.0",
      "resolved": "https://registry.npmjs.org/loose-envify/-/loose-envify-1.4.0.tgz",
      "integrity": "sha512-lyuxPGr/Wfhrlem2CL/UcnUc1zcqKAImBDzukY7Y5F/yQiNdko6+fRLevlw1HgMySw7f611UIY408EtxRSoK3Q==",
      "license": "MIT",
      "dependencies": {
        "js-tokens": "^3.0.0 || ^4.0.0"
      },
      "bin": {
        "loose-envify": "cli.js"
      }
    },
    "node_modules/nanoid": {
      "version": "3.3.12",
      "resolved": "https://registry.npmjs.org/nanoid/-/nanoid-3.3.12.tgz",
      "integrity": "sha512-ZB9RH/39qpq5Vu6Y+NmUaFhQR6pp+M2Xt76XBnEwDaGcVAqhlvxrl3B2bKS5D3NH3QR76v3aSrKaF/Kiy7lEtQ==",
      "funding": [
        {
          "type": "github",
          "url": "https://github.com/sponsors/ai"
        }
      ],
      "license": "MIT",
      "bin": {
        "nanoid": "bin/nanoid.cjs"
      },
      "engines": {
        "node": "^10 || ^12 || ^13.7 || ^14 || >=15.0.1"
      }
    },
    "node_modules/object-assign": {
      "version": "4.1.1",
      "resolved": "https://registry.npmjs.org/object-assign/-/object-assign-4.1.1.tgz",
      "integrity": "sha512-rJgTQnkUnH1sFw8yT6VSU3zD3sWmu6sZhIseY8VX+GRu3P6F7Fu+JNDoXfklElbLJSnc3FUQHVe4cU5hj+BcUg==",
      "license": "MIT",
      "engines": {
        "node": ">=0.10.0"
      }
    },
    "node_modules/optimism": {
      "version": "0.18.1",
      "resolved": "https://registry.npmjs.org/optimism/-/optimism-0.18.1.tgz",
      "integrity": "sha512-mLXNwWPa9dgFyDqkNi54sjDyNJ9/fTI6WGBLgnXku1vdKY/jovHfZT5r+aiVeFFLOz+foPNOm5YJ4mqgld2GBQ==",
      "license": "MIT",
      "dependencies": {
        "@wry/caches": "^1.0.0",
        "@wry/context": "^0.7.0",
        "@wry/trie": "^0.5.0",
        "tslib": "^2.3.0"
      }
    },
    "node_modules/picocolors": {
      "version": "1.1.1",
      "resolved": "https://registry.npmjs.org/picocolors/-/picocolors-1.1.1.tgz",
      "integrity": "sha512-xceH2snhtb5M9liqDsmEw56le376mTZkEX/jEb/RxNFyegNul7eNslCXP9FDj/Lcu0X8KEyMceP2ntpaHrDEVA==",
      "license": "ISC"
    },
    "node_modules/postcss": {
      "version": "8.5.14",
      "resolved": "https://registry.npmjs.org/postcss/-/postcss-8.5.14.tgz",
      "integrity": "sha512-SoSL4+OSEtR99LHFZQiJLkT59C5B1amGO1NzTwj7TT1qCUgUO6hxOvzkOYxD+vMrXBM3XJIKzokoERdqQq/Zmg==",
      "funding": [
        {
          "type": "opencollective",
          "url": "https://opencollective.com/postcss/"
        },
        {
          "type": "tidelift",
          "url": "https://tidelift.com/funding/github/npm/postcss"
        },
        {
          "type": "github",
          "url": "https://github.com/sponsors/ai"
        }
      ],
      "license": "MIT",
      "dependencies": {
        "nanoid": "^3.3.11",
        "picocolors": "^1.1.1",
        "source-map-js": "^1.2.1"
      },
      "engines": {
        "node": "^10 || ^12 || >=14"
      }
    },
    "node_modules/prettier": {
      "version": "2.8.8",
      "resolved": "https://registry.npmjs.org/prettier/-/prettier-2.8.8.tgz",
      "integrity": "sha512-tdN8qQGvNjw4CHbY+XXk0JgCXn9QiF21a55rBe5LJAU+kDyC4WQn4+awm2Xfk2lQMk5fKup9XgzTZtGkjBdP9Q==",
      "license": "MIT",
      "optional": true,
      "bin": {
        "prettier": "bin-prettier.js"
      },
      "engines": {
        "node": ">=10.13.0"
      },
      "funding": {
        "url": "https://github.com/prettier/prettier?sponsor=1"
      }
    },
    "node_modules/prop-types": {
      "version": "15.8.1",
      "resolved": "https://registry.npmjs.org/prop-types/-/prop-types-15.8.1.tgz",
      "integrity": "sha512-oj87CgZICdulUohogVAR7AjlC0327U4el4L6eAvOqCeudMDVU0NThNaV+b9Df4dXgSP1gXMTnPdhfe/2qDH5cg==",
      "license": "MIT",
      "dependencies": {
        "loose-envify": "^1.4.0",
        "object-assign": "^4.1.1",
        "react-is": "^16.13.1"
      }
    },
    "node_modules/react-is": {
      "version": "16.13.1",
      "resolved": "https://registry.npmjs.org/react-is/-/react-is-16.13.1.tgz",
      "integrity": "sha512-24e6ynE2H+OKt4kqsOvNd8kBpV65zoxbA4BVsEOB3ARVWQki/DHzaUoC5KuON/BiccDaCCTZBuOcfZs70kR8bQ==",
      "license": "MIT"
    },
    "node_modules/rehackt": {
      "version": "0.1.0",
      "resolved": "https://registry.npmjs.org/rehackt/-/rehackt-0.1.0.tgz",
      "integrity": "sha512-7kRDOuLHB87D/JESKxQoRwv4DzbIdwkAGQ7p6QKGdVlY1IZheUnVhlk/4UZlNUVxdAXpyxikE3URsG067ybVzw==",
      "license": "MIT",
      "peerDependencies": {
        "@types/react": "*",
        "react": "*"
      },
      "peerDependenciesMeta": {
        "@types/react": {
          "optional": true
        },
        "react": {
          "optional": true
        }
      }
    },
    "node_modules/select": {
      "version": "1.1.2",
      "resolved": "https://registry.npmjs.org/select/-/select-1.1.2.tgz",
      "integrity": "sha512-OwpTSOfy6xSs1+pwcNrv0RBMOzI39Lp3qQKUTPVVPRjCdNa5JH/oPRiqsesIskK8TVgmRiHwO4KXlV2Li9dANA==",
      "license": "MIT"
    },
    "node_modules/source-map": {
      "version": "0.6.1",
      "resolved": "https://registry.npmjs.org/source-map/-/source-map-0.6.1.tgz",
      "integrity": "sha512-UjgapumWlbMhkBgzT7Ykc5YXUT46F0iKu8SGXq0bcwP5dz/h0Plj6enJqjz1Zbq2l5WaqYnrVbwWOWMyF3F47g==",
      "license": "BSD-3-Clause",
      "engines": {
        "node": ">=0.10.0"
      }
    },
    "node_modules/source-map-js": {
      "version": "1.2.1",
      "resolved": "https://registry.npmjs.org/source-map-js/-/source-map-js-1.2.1.tgz",
      "integrity": "sha512-UXWMKhLOwVKb728IUtQPXxfYU+usdybtUrK/8uGE8CQMvrhOpwvzDBwj0QhSL7MQc7vIsISBG8VQ8+IDQxpfQA==",
      "license": "BSD-3-Clause",
      "engines": {
        "node": ">=0.10.0"
      }
    },
    "node_modules/symbol-observable": {
      "version": "4.0.0",
      "resolved": "https://registry.npmjs.org/symbol-observable/-/symbol-observable-4.0.0.tgz",
      "integrity": "sha512-b19dMThMV4HVFynSAM1++gBHAbk2Tc/osgLIBZMKsyqh34jb2e8Os7T6ZW/Bt3pJFdBTd2JwAnAAEQV7rSNvcQ==",
      "license": "MIT",
      "engines": {
        "node": ">=0.10"
      }
    },
    "node_modules/tiny-emitter": {
      "version": "2.1.0",
      "resolved": "https://registry.npmjs.org/tiny-emitter/-/tiny-emitter-2.1.0.tgz",
      "integrity": "sha512-NB6Dk1A9xgQPMoGqC5CVXn123gWyte215ONT5Pp5a0yt4nlEoO1ZWeCwpncaekPHXO60i47ihFnZPiRPjRMq4Q==",
      "license": "MIT"
    },
    "node_modules/ts-invariant": {
      "version": "0.10.3",
      "resolved": "https://registry.npmjs.org/ts-invariant/-/ts-invariant-0.10.3.tgz",
      "integrity": "sha512-uivwYcQaxAucv1CzRp2n/QdYPo4ILf9VXgH19zEIjFx2EJufV16P0JtJVpYHy89DItG6Kwj2oIUjrcK5au+4tQ==",
      "license": "MIT",
      "dependencies": {
        "tslib": "^2.1.0"
      },
      "engines": {
        "node": ">=8"
      }
    },
    "node_modules/tslib": {
      "version": "2.8.1",
      "resolved": "https://registry.npmjs.org/tslib/-/tslib-2.8.1.tgz",
      "integrity": "sha512-oJFu94HQb+KVduSUQL7wnpmqnfmLsOA/nAh6b6EH0wCEoK0/mPeXU6c3wKDV83MkOuHPRHtSXKKU99IBazS/2w==",
      "license": "0BSD"
    },
    "node_modules/v-viewer": {
      "version": "1.7.4",
      "resolved": "file:../vendor/enterprise-vue2/v-viewer-1.7.4.tgz",
      "integrity": "sha512-A1u/loB04YMoihsVyD2vQdRef3o3VKzh8l1w4kVXpxXCdi0hFCb5YhphMOTKIOjTLA7JyHMwfCucMaP6xVd9Ng==",
      "license": "MIT",
      "dependencies": {
        "lodash-es": "^4.17.21",
        "viewerjs": "^1.11.6"
      },
      "peerDependencies": {
        "viewerjs": "^1.9.0",
        "vue": "^2.0.0"
      }
    },
    "node_modules/viewerjs": {
      "version": "1.11.7",
      "resolved": "file:../vendor/enterprise-vue2/viewerjs-1.11.7.tgz",
      "integrity": "sha512-pXI3Z9u9EpIT2JhOwciDlus8Xll4RuQLkAaM9BUib9477v3mf/Ot0Uiv6hJVWTffrUK4JOflIZ0I95PF+uUaMw==",
      "license": "MIT"
    },
    "node_modules/vue": {
      "version": "2.7.16",
      "resolved": "file:../vendor/enterprise-vue2/vue-2.7.16.tgz",
      "integrity": "sha512-1K0MMA9HOogh6R9okpz+TCL/6e9rwKXPuClwB2MMIJ2a6geGAiUhNpvTeH8RLJIC1SuSUjK6NfVh5O/zpZsdgg==",
      "license": "MIT",
      "dependencies": {
        "@vue/compiler-sfc": "2.7.16",
        "csstype": "^3.1.0"
      }
    },
    "node_modules/vue-runtime-helpers": {
      "version": "1.1.2",
      "resolved": "file:../vendor/enterprise-vue2/vue-runtime-helpers-1.1.2.tgz",
      "integrity": "sha512-BdCIjKaNV20jHVzQPcJ9bsZZEu6NePmvba68AdJ79llIWkhPdgZdiD80g9ZGumj+wiiz+xcvukrcbgtASmD95Q==",
      "license": "MIT"
    },
    "node_modules/xss": {
      "version": "1.0.15",
      "resolved": "https://registry.npmjs.org/xss/-/xss-1.0.15.tgz",
      "integrity": "sha512-FVdlVVC67WOIPvfOwhoMETV72f6GbW7aOabBC3WxN/oUdoEMDyLz4OgRv5/gck2ZeNqEQu+Tb0kloovXOfpYVg==",
      "license": "MIT",
      "dependencies": {
        "commander": "^2.20.3",
        "cssfilter": "0.0.10"
      },
      "bin": {
        "xss": "bin/xss"
      },
      "engines": {
        "node": ">= 0.10.0"
      }
    },
    "node_modules/zen-observable": {
      "version": "0.8.15",
      "resolved": "https://registry.npmjs.org/zen-observable/-/zen-observable-0.8.15.tgz",
      "integrity": "sha512-PQ2PC7R9rslx84ndNBZB/Dkv8V8fZEpk83RLgXtYd0fwUgEjseMn1Dgajh2x6S8QbZAFa9p2qVCEuYZNgve0dQ==",
      "license": "MIT"
    },
    "node_modules/zen-observable-ts": {
      "version": "1.2.5",
      "resolved": "https://registry.npmjs.org/zen-observable-ts/-/zen-observable-ts-1.2.5.tgz",
      "integrity": "sha512-QZWQekv6iB72Naeake9hS1KxHlotfRpe+WGNbNx5/ta+R3DNjVO2bswf63gXlWDcs+EMd7XY8HfVQyP1X6T4Zg==",
      "license": "MIT",
      "dependencies": {
        "zen-observable": "0.8.15"
      }
    }
  }
}
