{
  "name": "agent-store-frontend",
  "version": "0.1.0",
  "lockfileVersion": 3,
  "requires": true,
  "packages": {
    "": {
      "name": "agent-store-frontend",
      "version": "0.1.0",
      "dependencies": {
        "@sxf/er-components": "file:../vendor/enterprise-vue2/sxf-er-components-1.27.5.tgz",
        "@sxf/er-config": "file:../vendor/enterprise-vue2/sxf-er-config-1.4.0.tgz",
        "@sxf/er-feature": "file:../vendor/enterprise-vue2/sxf-er-feature-0.1.0.tgz",
        "@sxf/er-lib": "file:../vendor/enterprise-vue2/sxf-er-lib-1.0.0.tgz",
        "@sxf/er-style": "file:../vendor/enterprise-vue2/sxf-er-style-1.2.1.tgz",
        "@sxf/er-utils": "file:../vendor/enterprise-vue2/sxf-er-utils-1.4.0.tgz",
        "@sxf/er-validator": "file:../vendor/enterprise-vue2/sxf-er-validator-1.2.0.tgz",
        "@sxf/er-widget": "file:../vendor/enterprise-vue2/sxf-er-widget-1.15.2.tgz",
        "@sxf/intl": "file:../vendor/enterprise-vue2/sxf-intl-2.5.3.tgz",
        "@sxf/jquery": "file:../vendor/enterprise-vue2/sxf-jquery-1.0.6.tgz",
        "@sxf/sf-theme": "file:../vendor/enterprise-vue2/sxf-sf-theme-0.2.5.tgz",
        "@sxf/vtv-icon": "file:../vendor/enterprise-vue2/sxf-vtv-icon-1.0.272.tgz",
        "@sxf/vue-intl": "file:../vendor/enterprise-vue2/sxf-vue-intl-1.11.4.tgz",
        "@uedc/sf-layout": "file:../vendor/enterprise-vue2/uedc-sf-layout-1.15.0.tgz",
        "graphql": "file:../vendor/enterprise-vue2/transitive/graphql-16.14.0.tgz",
        "jquery": "file:../vendor/enterprise-vue2/sxf-jquery-1.0.6.tgz",
        "lodash-es": "file:../vendor/enterprise-vue2/lodash-es-4.18.1.tgz",
        "v-viewer": "file:../vendor/enterprise-vue2/v-viewer-1.7.4.tgz",
        "viewerjs": "file:../vendor/enterprise-vue2/viewerjs-1.11.7.tgz",
        "vue": "file:../vendor/enterprise-vue2/vue-2.7.16.tgz",
        "vue-runtime-helpers": "file:../vendor/enterprise-vue2/vue-runtime-helpers-1.1.2.tgz"
      }
    },
    "node_modules/@apollo/client": {
      "version": "3.14.1",
      "resolved": "file:../vendor/enterprise-vue2/transitive/apollo-client-3.14.1.tgz",
      "integrity": "sha512-SgGX6E23JsZhUdG2anxiyHvEvvN6CUaI4ZfMsndZFeuHPXL3H0IsaiNAhLITSISbeyeYd+CBd9oERXQDdjXWZw==",
      "license": "MIT",
      "dependencies": {
        "@graphql-typed-document-node/core": "^3.1.1",
        "@wry/caches": "^1.0.0",
        "@wry/equality": "^0.5.6",
        "@wry/trie": "^0.5.0",
        "graphql-tag": "^2.12.6",
        "hoist-non-react-statics": "^3.3.2",
        "optimism": "^0.18.0",
        "prop-types": "^15.7.2",
        "rehackt": "^0.1.0",
        "symbol-observable": "^4.0.0",
        "ts-invariant": "^0.10.3",
        "tslib": "^2.3.0",
        "zen-observable-ts": "^1.2.5"
      },
      "peerDependencies": {
        "graphql": "^15.0.0 || ^16.0.0",
        "graphql-ws": "^5.5.5 || ^6.0.3",
        "react": "^16.8.0 || ^17.0.0 || ^18.0.0 || >=19.0.0-rc",
        "react-dom": "^16.8.0 || ^17.0.0 || ^18.0.0 || >=19.0.0-rc",
        "subscriptions-transport-ws": "^0.9.0 || ^0.11.0"
      },
      "peerDependenciesMeta": {
        "graphql-ws": {
          "optional": true
        },
        "react": {
          "optional": true
        },
        "react-dom": {
          "optional": true
        },
        "subscriptions-transport-ws": {
          "optional": true
        }
      }
    },
    "node_modules/@babel/helper-string-parser": {
      "version": "7.27.1",
      "resolved": "file:../vendor/enterprise-vue2/transitive/babel-helper-string-parser-7.27.1.tgz",
      "integrity": "sha512-xUxPxesACjcGX5Wc6o7fjyRz3dLm1ochb17EbOmte6hgMQ3be6gOKhY0pphoef2l9fuVF1tN1X4h5hsDT3zJIw==",
      "license": "MIT",
      "engines": {
        "node": ">=6.9.0"
      }
    },
    "node_modules/@babel/helper-validator-identifier": {
      "version": "7.28.5",
      "resolved": "file:../vendor/enterprise-vue2/transitive/babel-helper-validator-identifier-7.28.5.tgz",
      "integrity": "sha512-X2mqXyr8xKXpfkbPcBZlphwLVkTHY+Gjo5hv0GR9oZjs0GUdQslZDdO87/Dfo/FQjnkE+astm/+fM+tR3AFnBg==",
      "license": "MIT",
      "engines": {
        "node": ">=6.9.0"
      }
    },
    "node_modules/@babel/parser": {
      "version": "7.29.3",
      "resolved": "file:../vendor/enterprise-vue2/transitive/babel-parser-7.29.3.tgz",
      "integrity": "sha512-c9uIRZ2waVDi/1YR5tJhu6d5grUGYYp7lLAmIzUb38oxO1bSlpQet8+/N3OmN8jm4hQtm0lLvIADRDM69A/NGw==",
      "license": "MIT",
      "dependencies": {
        "@babel/types": "^7.29.0"
      },
      "bin": {
        "parser": "bin/babel-parser.js"
      },
      "engines": {
        "node": ">=6.0.0"
      }
    },
    "node_modules/@babel/runtime": {
      "version": "7.29.2",
      "resolved": "file:../vendor/enterprise-vue2/transitive/babel-runtime-7.29.2.tgz",
      "integrity": "sha512-i9oOPPUH8JZMHDcUq0Ic3i4LEXdPiWfCiVrZ/MFbx4C/srWbNMpgjl2v3Q78DCaVbn35yavHW9U3/V5dLUAW3w==",
      "license": "MIT",
      "engines": {
        "node": ">=6.9.0"
      }
    },
    "node_modules/@babel/types": {
      "version": "7.29.0",
      "resolved": "file:../vendor/enterprise-vue2/transitive/babel-types-7.29.0.tgz",
      "integrity": "sha512-EzO4RIcmlImgnnUnh3LBESqoFc8NlpFOdINrclLDp5zjFZrmRgza+asE3LLrRrFB5IbugrM/35SDZfSuSz5wPQ==",
      "license": "MIT",
      "dependencies": {
        "@babel/helper-string-parser": "^7.27.1",
        "@babel/helper-validator-identifier": "^7.28.5"
      },
      "engines": {
        "node": ">=6.9.0"
      }
    },
    "node_modules/@formatjs/ecma402-abstract": {
      "version": "1.11.3",
      "resolved": "file:../vendor/enterprise-vue2/transitive/formatjs-ecma402-abstract-1.11.3.tgz",
      "integrity": "sha512-f4ty4N8h5DUJtQx1gUKO6JqdFqOg71QhJwy2Sjh/6QLx9DuHnRYP+FOF2SMIFWMFdqc41Ucnvl3o24k1WsdrRA==",
      "license": "MIT",
      "dependencies": {
        "@formatjs/intl-localematcher": "0.2.24",
        "tslib": "^2.1.0"
      }
    },
    "node_modules/@formatjs/fast-memoize": {
      "version": "1.2.1",
      "resolved": "file:../vendor/enterprise-vue2/transitive/formatjs-fast-memoize-1.2.1.tgz",
      "integrity": "sha512-ht/YJFi69l5JaAy0HW8K4+EGd5ZK+8vaJg3Xf1MPa8W82Z/FIuwBqSzWcPUV+YlFzg/NhE4YSTH4tIXHRnKFRA==",
      "license": "MIT",
      "dependencies": {
        "tslib": "^2.1.0"
      }
    },
    "node_modules/@formatjs/icu-messageformat-parser": {
      "version": "2.0.18",
      "resolved": "file:../vendor/enterprise-vue2/transitive/formatjs-icu-messageformat-parser-2.0.18.tgz",
      "integrity": "sha512-B9UxdyRV5Y+mb+tQGj0nyVgbYBMAoE7HqA0E+sJ92B4XUvfHYthVGHgPMEeExAUu75CAoHjMHoqCFkqUV12urA==",
      "license": "MIT",
      "dependencies": {
        "@formatjs/ecma402-abstract": "1.11.3",
        "@formatjs/icu-skeleton-parser": "1.3.5",
        "tslib": "^2.1.0"
      }
    },
    "node_modules/@formatjs/icu-skeleton-parser": {
      "version": "1.3.5",
      "resolved": "file:../vendor/enterprise-vue2/transitive/formatjs-icu-skeleton-parser-1.3.5.tgz",
      "integrity": "sha512-tTTuIbOcprTTWam0rEdQERsbttd75oC922BYHa4AduSsRGawMGdNNSa0eQNy/egHULdE1X6f3xaM9ReUtmugIw==",
      "license": "MIT",
      "dependencies": {
        "@formatjs/ecma402-abstract": "1.11.3",
        "tslib": "^2.1.0"
      }
    },
    "node_modules/@formatjs/intl": {
      "version": "1.18.5",
      "resolved": "file:../vendor/enterprise-vue2/transitive/formatjs-intl-1.18.5.tgz",
      "integrity": "sha512-L7A2R+W27KDhnfammEU8VI9XKGvSqLEF2gOHuG9H82CF3I1bzg9dy738h3Ys811W1qQaY1FaFkBu8qVElg2jpA==",
      "license": "MIT",
      "dependencies": {
        "@formatjs/ecma402-abstract": "1.11.3",
        "@formatjs/fast-memoize": "1.2.1",
        "@formatjs/icu-messageformat-parser": "2.0.18",
        "@formatjs/intl-displaynames": "5.4.2",
        "@formatjs/intl-listformat": "6.5.2",
        "intl-messageformat": "9.11.4",
        "tslib": "^2.1.0"
      },
      "peerDependencies": {
        "typescript": "^4.5"
      },
      "peerDependenciesMeta": {
        "typescript": {
          "optional": true
        }
      }
    },
    "node_modules/@formatjs/intl-displaynames": {
      "version": "5.4.2",
      "resolved": "file:../vendor/enterprise-vue2/transitive/formatjs-intl-displaynames-5.4.2.tgz",
      "integrity": "sha512-afXSxG7BY0neF1VtjBD9yjqSko+UCwLi7qnCXTokEuWreq2YkVsGpCM24Jm5BJk2haMDnpZfEUYX7pXBsSr/Pw==",
      "license": "MIT",
      "dependencies": {
        "@formatjs/ecma402-abstract": "1.11.3",
        "@formatjs/intl-localematcher": "0.2.24",
        "tslib": "^2.1.0"
      }
    },
    "node_modules/@formatjs/intl-listformat": {
      "version": "6.5.2",
      "resolved": "file:../vendor/enterprise-vue2/transitive/formatjs-intl-listformat-6.5.2.tgz",
      "integrity": "sha512-nI987PUF/Pa9Q/WiSt8Z6Ph0l9uh/Ftf5k6g3rgGp8TWd+aHKL5c8Vp7oZ/BIg3MVV+NwD069YLAzWHMzwymrg==",
      "license": "MIT",
      "dependencies": {
        "@formatjs/ecma402-abstract": "1.11.3",
        "@formatjs/intl-localematcher": "0.2.24",
        "tslib": "^2.1.0"
      }
    },
    "node_modules/@formatjs/intl-localematcher": {
      "version": "0.2.24",
      "resolved": "file:../vendor/enterprise-vue2/transitive/formatjs-intl-localematcher-0.2.24.tgz",
      "integrity": "sha512-juk1ECO6zdKhytuTlKh+W8Umkp7llf2Sb/pRxg3MF+0OlgV/u1FVieqgoLPl3CLuND0KETeRGG1c28BAgnD39w==",
      "license": "MIT",
      "dependencies": {
        "tslib": "^2.1.0"
      }
    },
    "node_modules/@graphql-typed-document-node/core": {
      "version": "3.2.0",
      "resolved": "file:../vendor/enterprise-vue2/transitive/graphql-typed-document-node-core-3.2.0.tgz",
      "integrity": "sha512-DWLswJfkTTRmmR5USexqVsHzNgto5UJ7Wh+Sd3DP7a891JeWTJltjddjTERDvDdSNzKIH7qvlNC0xSGNiW2HCA==",
      "license": "MIT",
      "peerDependencies": {
        "graphql": "^0.8.0 || ^0.9.0 || ^0.10.0 || ^0.11.0 || ^0.12.0 || ^0.13.0 || ^14.0.0 || ^15.0.0 || ^16.0.0 || ^17.0.0"
      }
    },
    "node_modules/@sxf/er-components": {
      "version": "1.27.5",
      "resolved": "file:../vendor/enterprise-vue2/sxf-er-components-1.27.5.tgz",
      "integrity": "sha512-ugOnFLPh8Egd6f9yiimeXLD8eo4GJDc7SURaeDS4TjzOBQAg8GbLeAIaPIBvJg1arhp0hfNZcBJ0dh3ynorCmQ==",
      "license": "MIT",
      "dependencies": {
        "@sxf/sf-theme": "^0.2.5",
        "v-viewer": "^1.6.4",
        "viewerjs": "^1.11.3",
        "vue-runtime-helpers": "^1.1.2"
      },
      "peerDependencies": {
        "@sxf/er-config": "^1.4.0",
        "@sxf/er-feature": "^0.1.0",
        "@sxf/er-lib": "^1.0.0",
        "@sxf/er-style": "^1.2.1",
        "@sxf/er-utils": "^1.4.0",
        "@sxf/er-validator": "^1.2.0",
        "@sxf/er-widget": "^1.15.2",
        "@sxf/vtv-icon": "^1.0.181",
        "@uedc/sf-layout": "^1.6.0",
        "jquery": "npm:@sxf/jquery@1.0.6",
        "lodash-es": "^4.17.21"
      }
    },
    "node_modules/@sxf/er-config": {
      "version": "1.4.0",
      "resolved": "file:../vendor/enterprise-vue2/sxf-er-config-1.4.0.tgz",
      "integrity": "sha512-W5mFIm3s/EyJXMl2lfemx4RS/HkEpvuHXGxqs9FyEQQYUCoO7EuG0GyxzFvg72dP/49y1Or4TPkyFeCA/LeOeA==",
      "license": "MIT",
      "peer": true,
      "peerDependencies": {
        "@sxf/er-feature": "^0.1.0",
        "@sxf/vue-intl": "^1.11.0"
      }
    },
    "node_modules/@sxf/er-feature": {
      "version": "0.1.0",
      "resolved": "file:../vendor/enterprise-vue2/sxf-er-feature-0.1.0.tgz",
      "integrity": "sha512-qGDSlyoqnWjX5cWJbbYi5dbIUgIfRpxCkVxjXx7GtuDPwtT6VaEO8w/J5w4D9vfouewmz1XBTTyXITtDh++NeA==",
      "license": "MIT",
      "peer": true
    },
    "node_modules/@sxf/er-lib": {
      "version": "1.0.0",
      "resolved": "file:../vendor/enterprise-vue2/sxf-er-lib-1.0.0.tgz",
      "integrity": "sha512-VkuW0usOPniCiDAHeT3sBTw3BHQXPYOQHVeQpHoKYy3i97LarL3Bo+isBYHGgalOJ86ZMHAUIDYj/jkbfitC9g==",
      "license": "MIT",
      "peer": true,
      "dependencies": {
        "clipboard": "2.0.4"
      },
      "peerDependencies": {
        "@sxf/er-config": "^1.0.0"
      }
    },
    "node_modules/@sxf/er-style": {
      "version": "1.2.1",
      "resolved": "file:../vendor/enterprise-vue2/sxf-er-style-1.2.1.tgz",
      "integrity": "sha512-aTqQSkwhSjz3Fn3FhBDsbF67FAWI0/49rra363V4pt3HszUwLOu2VotHw8D+Eo20FTSZvdwebc2IGH9z1g/VZQ==",
      "license": "MIT",
      "peer": true,
      "dependencies": {
        "@sxf/sf-theme": "^0.2.5"
      },
      "peerDependencies": {
        "@sxf/vtv-icon": "^1.0.181"
      }
    },
    "node_modules/@sxf/er-utils": {
      "version": "1.4.0",
      "resolved": "file:../vendor/enterprise-vue2/sxf-er-utils-1.4.0.tgz",
      "integrity": "sha512-GE8HPon6eUlIw3pgLGIq/QYCT0JPnnGTWD6neRnJq15N4fBynMhGx5raAepP/tqCiDvZRDPyPI733VOwcRoCBg==",
      "license": "MIT",
      "peer": true,
      "dependencies": {
        "@apollo/client": "^3.9.6",
        "ipaddr.js": "^2.0.1",
        "xss": "^1.0.11"
      },
      "peerDependencies": {
        "@apollo/client": "^3.9.6",
        "@sxf/er-config": "^1.4.0",
        "jquery": "npm:@sxf/jquery@1.0.6"
      }
    },
    "node_modules/@sxf/er-validator": {
      "version": "1.2.0",
      "resolved": "file:../vendor/enterprise-vue2/sxf-er-validator-1.2.0.tgz",
      "integrity": "sha512-7a6eb7p1j6d/kFwENsjT1AtsR0fO1i020nE/WOkdRNQs+nHR6jrHpaq/mup7mhXG7j0sXjRU5Xg4DCtpsqMWzw==",
      "license": "MIT",
      "peer": true,
      "peerDependencies": {
        "@sxf/er-config": "^1.3.0",
        "@sxf/er-utils": "^1.1.0",
        "@sxf/er-widget": "^1.10.0",
        "jquery": "npm:@sxf/jquery@1.0.6"
      }
    },
    "node_modules/@sxf/er-widget": {
      "version": "1.15.2",
      "resolved": "file:../vendor/enterprise-vue2/sxf-er-widget-1.15.2.tgz",
      "integrity": "sha512-zydxyXNRfZl/xacOZR48X3WOvKyQxFS5VyWpS4Otsftd/zsummHmlqD+jhVs8MShiRKdPRlrG7RWQxlzCN7MdQ==",
      "license": "MIT",
      "peer": true,
      "peerDependencies": {
        "@sxf/er-config": "^1.4.0",
        "@sxf/er-feature": "^0.1.0",
        "@sxf/er-lib": "^1.0.0",
        "@sxf/er-utils": "^1.4.0",
        "jquery": "npm:@sxf/jquery@1.0.6"
      }
    },
    "node_modules/@sxf/intl": {
      "version": "2.5.3",
      "resolved": "file:../vendor/enterprise-vue2/sxf-intl-2.5.3.tgz",
      "integrity": "sha512-C9JueAk/Ts/6lq/7qkEvHOv4YfrFHdm67v2FQQQbftsASeSucR6APO71UdAWBX85IhDn2mHS9/PCvHOnmTOCgQ==",
      "license": "MIT",
      "dependencies": {
        "@babel/runtime": "^7.14.6",
        "@formatjs/intl": "^1.13.2"
      }
    },
    "node_modules/@sxf/jquery": {
      "version": "1.0.6",
      "resolved": "file:../vendor/enterprise-vue2/sxf-jquery-1.0.6.tgz",
      "integrity": "sha512-tzvx/H97Xbe/JDHBVb7quVSNbHtHElQDj81IFdorxR9iQKXZIQvdFIMLT0vUTjK/st/I3d/STPOUBFxND/nohw==",
      "license": "MIT",
      "dependencies": {
        "jquery-mousewheel": "3.1.12"
      }
    },
    "node_modules/@sxf/sf-theme": {
      "version": "0.2.5",
      "resolved": "file:../vendor/enterprise-vue2/sxf-sf-theme-0.2.5.tgz",
      "integrity": "sha512-JywxtgjlUNT+eL4Vd3Pb2pmVAKofpamkBP6ng4XyuOPjVpX0LfPkJrbkbEVi+AsE4JHn6QGORYO7Q9xf6xOj1w==",
      "license": "MIT"
    },
    "node_modules/@sxf/vtv-icon": {
      "version": "1.0.272",
      "resolved": "file:../vendor/enterprise-vue2/sxf-vtv-icon-1.0.272.tgz",
      "integrity": "sha512-bFkOMvltvIOZ3KGHGTOuQLR8W6e4Cvd9FOVyfyiEoJ4YibdpsbaX8k5ZfsppcXdB1vXK6Clj23qNiIspuqsYoQ==",
      "license": "MIT",
      "peer": true
    },
    "node_modules/@sxf/vue-intl": {
      "version": "1.11.4",
      "resolved": "file:../vendor/enterprise-vue2/sxf-vue-intl-1.11.4.tgz",
      "integrity": "sha512-NwmaLl7H+o5vY+/NsWuSWGArZcwDt9u1A8sr1Y7hR6lsLGE5NHu8WpAdrL3kVeMnwcuWD4qfl6Ev0FdrxByPVQ==",
      "license": "MIT",
      "peer": true,
      "dependencies": {
        "@babel/runtime": "^7.14.6",
        "@sxf/intl": "2.5.3"
      },
      "peerDependencies": {
        "vue": "^2.0.0"
      }
    },
    "node_modules/@uedc/sf-layout": {
      "version": "1.15.0",
      "resolved": "file:../vendor/enterprise-vue2/uedc-sf-layout-1.15.0.tgz",
      "integrity": "sha512-tZ/vV0KTO3BSo6hc0+yR7KrGxsFs9TJIlsgc0PqB1LXVWyNTSdgBlm0s/qjoozQY/O5vpgbEz5Mg4r0cjdJaIA==",
      "license": "MIT",
      "peer": true,
      "dependencies": {
        "core-js": "3"
      },
      "engines": {
        "node": ">=12.0.0",
        "yarn": ">=1.4.2"
      }
    },
    "node_modules/@vue/compiler-sfc": {
      "version": "2.7.16",
      "resolved": "file:../vendor/enterprise-vue2/transitive/vue-compiler-sfc-2.7.16.tgz",
      "integrity": "sha512-IT1Oa77jluLXzTbhG3awSvQqG8+yDChZVUj0I3IjzirzGl5lfnQPTer830Co91HPXGiqytjLt1avodRd9jCk/Q==",
      "dependencies": {
        "@babel/parser": "^7.23.5",
        "postcss": "^8.4.14",
        "source-map": "^0.6.1"
      },
      "optionalDependencies": {
        "prettier": "^1.18.2 || ^2.0.0"
      }
    },
    "node_modules/@wry/caches": {
      "version": "1.0.1",
      "resolved": "file:../vendor/enterprise-vue2/transitive/wry-caches-1.0.1.tgz",
      "integrity": "sha512-xheWWTIOrhm48vkdw1kBMhqAIbD5eQlSX04j4VVYH9wvwc5UEkuYMrARg1JZY1lyRMIWbdYFCZKWvaNb1dojhQ==",
      "license": "MIT",
      "dependencies": {
        "tslib": "^2.3.0"
      },
      "engines": {
        "node": ">=8"
      }
    },
    "node_modules/@wry/context": {
      "version": "0.7.4",
      "resolved": "file:../vendor/enterprise-vue2/transitive/wry-context-0.7.4.tgz",
      "integrity": "sha512-huGVgc73/yiIsIc04X5Jn3do5eHCAdFSZjKasKDAZDFgR4kPfoNInYcW9eacQkDwtqXjjXASlW6N8tAIdifg7A==",
      "license": "MIT",
      "dependencies": {
        "tslib": "^2.3.0"
      },
      "engines": {
        "node": ">=8"
      }
    },
    "node_modules/@wry/equality": {
      "version": "0.5.7",
      "resolved": "file:../vendor/enterprise-vue2/transitive/wry-equality-0.5.7.tgz",
      "integrity": "sha512-FTSEU0a6LdFdOhFfRTlEVQzfHrJ+rAg2V66/6Uncrt0MojiXNY0Nri586aYKYe5H9XKxnfg6bAle4xgUgmZC7w==",
      "license": "MIT",
      "dependencies": {
        "tslib": "^2.3.0"
      },
      "engines": {
        "node": ">=8"
      }
    },
    "node_modules/@wry/trie": {
      "version": "0.5.0",
      "resolved": "file:../vendor/enterprise-vue2/transitive/wry-trie-0.5.0.tgz",
      "integrity": "sha512-KztTuEQBygrOKYsRW3YV15JyL1WwrDTFRUPDqKzv0Qpc584MHYD9/rbNmRbCn61Ow7hZr85Xp6IbXQS3K1Fffg==",
      "license": "MIT",
      "dependencies": {
        "tslib": "^2.3.0"
      },
      "engines": {
        "node": ">=8"
      }
    },
    "node_modules/clipboard": {
      "version": "2.0.4",
      "resolved": "file:../vendor/enterprise-vue2/transitive/clipboard-2.0.4.tgz",
      "integrity": "sha512-nMYuKmLD2DrUTIcbywYpxo9+mJwNe32rdzOs+B3KgJFNydzxNBnnGaaQSSkJ+b7ybqgMf35u1a6yMDfA7rJFqA==",
      "license": "MIT",
      "dependencies": {
        "good-listener": "^1.2.2",
        "select": "^1.1.2",
        "tiny-emitter": "^2.0.0"
      }
    },
    "node_modules/commander": {
      "version": "2.20.3",
      "resolved": "file:../vendor/enterprise-vue2/transitive/commander-2.20.3.tgz",
      "integrity": "sha512-F8yo9Zwky2yschLKgb4bpLqRtJrQ1SURfDufUfXHFW5QPmqv2PuQJ9i1EUFnFDSZhlWm2wHm1v+RqM+xYDjdCA==",
      "license": "MIT"
    },
    "node_modules/core-js": {
      "version": "3.49.0",
      "resolved": "file:../vendor/enterprise-vue2/transitive/core-js-3.49.0.tgz",
      "integrity": "sha512-es1U2+YTtzpwkxVLwAFdSpaIMyQaq0PBgm3YD1W3Qpsn1NAmO3KSgZfu+oGSWVu6NvLHoHCV/aYcsE5wiB7ALg==",
      "hasInstallScript": true,
      "license": "MIT",
      "funding": {
        "type": "opencollective",
        "url": "https://opencollective.com/core-js"
      }
    },
    "node_modules/cssfilter": {
      "version": "0.0.10",
      "resolved": "file:../vendor/enterprise-vue2/transitive/cssfilter-0.0.10.tgz",
      "integrity": "sha512-M7UODo76qxsyg3O3pSTWvPCybhPPJhpwhaing6BC9Y7zaI57AhyzWpBI8hHxxjVhqR9Brtr6fy54uD7TMBI45Q==",
      "license": "MIT"
    },
    "node_modules/csstype": {
      "version": "3.2.3",
      "resolved": "file:../vendor/enterprise-vue2/transitive/csstype-3.2.3.tgz",
      "integrity": "sha512-z1HGKcYy2xA8AGQfwrn0PAy+PB7X/GSj3UVJW9qKyn43xWa+gl5nXmU4qqLMRzWVLFC8KusUX8T/0kCiOYpAIQ==",
      "license": "MIT"
    },
    "node_modules/delegate": {
      "version": "3.2.0",
      "resolved": "file:../vendor/enterprise-vue2/transitive/delegate-3.2.0.tgz",
      "integrity": "sha512-hPGbbvQEGa+xJZnVOoCW5MQh6AyslqDKHzstl8crGvicM81IJv7Ema01LVxoi3uMSbbkwWm3q3PGy+y8W7+fCA==",
      "license": "MIT"
    },
    "node_modules/good-listener": {
      "version": "1.2.2",
      "resolved": "file:../vendor/enterprise-vue2/transitive/good-listener-1.2.2.tgz",
      "integrity": "sha512-7DxFXMwvJRYsSbWPpDG0i7FQNCfpHKRxwmpfLufn1Qp9oPJ0+hSTCd5c6ew/DiLAkE7FaaTjmVyuXHMGsgZ4YA==",
      "license": "MIT",
      "dependencies": {
        "delegate": "^3.1.2"
      }
    },
    "node_modules/graphql": {
      "version": "16.14.0",
      "resolved": "file:../vendor/enterprise-vue2/transitive/graphql-16.14.0.tgz",
      "integrity": "sha512-BBvQ/406p+4CZbTpCbVPSxfzrZrbnuWSP1ELYgyS6B+hNeKzgrdB4JczCa5VZUBQrDa9hUngm0KnexY6pJRN5Q==",
      "license": "MIT",
      "peer": true,
      "engines": {
        "node": "^12.22.0 || ^14.16.0 || ^16.0.0 || >=17.0.0"
      }
    },
    "node_modules/graphql-tag": {
      "version": "2.12.6",
      "resolved": "file:../vendor/enterprise-vue2/transitive/graphql-tag-2.12.6.tgz",
      "integrity": "sha512-e5k7u+UxYvQzuy65c8ZzhfpgViQrOaIwJJrnWmzjaM26U/p1896/I3TJXdqiyv2lcSA+PgMlEzUK9JSAWs8itQ==",
      "license": "MIT",
      "dependencies": {
        "tslib": "^2.1.0"
      },
      "engines": {
        "node": ">=10"
      },
      "peerDependencies": {
        "graphql": "^0.9.0 || ^0.10.0 || ^0.11.0 || ^0.12.0 || ^0.13.0 || ^14.0.0 || ^15.0.0 || ^16.0.0"
      }
    },
    "node_modules/hoist-non-react-statics": {
      "version": "3.3.2",
      "resolved": "file:../vendor/enterprise-vue2/transitive/hoist-non-react-statics-3.3.2.tgz",
      "integrity": "sha512-lIM+uQv3K2fY1r0ZkPBaZM1pjepiT4zWT4xsnZiUFTMzWXrnoRFWQtakDy2+U/EQ8nJpYUHqZO0y570xYsGnpA==",
      "license": "BSD-3-Clause",
      "dependencies": {
        "react-is": "^16.7.0"
      }
    },
    "node_modules/intl-messageformat": {
      "version": "9.11.4",
      "resolved": "file:../vendor/enterprise-vue2/transitive/intl-messageformat-9.11.4.tgz",
      "integrity": "sha512-19ENhlDZOhOJMYsgdPgQEMUAGvNemMdj8rI4gO1ocdFNaiK6vERnhHIk7QK/cEzC1L9drjfn/1pjDoZOxBXIow==",
      "license": "BSD-3-Clause",
      "dependencies": {
        "@formatjs/ecma402-abstract": "1.11.3",
        "@formatjs/fast-memoize": "1.2.1",
        "@formatjs/icu-messageformat-parser": "2.0.18",
        "tslib": "^2.1.0"
      }
    },
    "node_modules/ipaddr.js": {
      "version": "2.4.0",
      "resolved": "file:../vendor/enterprise-vue2/transitive/ipaddr.js-2.4.0.tgz",
      "integrity": "sha512-hwfApNP0kaPGl9dmNE0AoUJu1P86g74kNaK/aBwdR4Y12DOsW25hpvLMl+JnWpbM1oiE6PMmwKkxzmKF8fTmEA==",
      "license": "MIT",
      "engines": {
        "node": ">= 10"
      }
    },
    "node_modules/jquery": {
      "name": "@sxf/jquery",
      "version": "1.0.6",
      "resolved": "file:../vendor/enterprise-vue2/sxf-jquery-1.0.6.tgz",
      "integrity": "sha512-tzvx/H97Xbe/JDHBVb7quVSNbHtHElQDj81IFdorxR9iQKXZIQvdFIMLT0vUTjK/st/I3d/STPOUBFxND/nohw==",
      "license": "MIT",
      "peer": true,
      "dependencies": {
        "jquery-mousewheel": "3.1.12"
      }
    },
    "node_modules/jquery-mousewheel": {
      "version": "3.1.12",
      "resolved": "file:../vendor/enterprise-vue2/transitive/jquery-mousewheel-3.1.12.tgz",
      "integrity": "sha512-2pr9syLCAwoc5X6jXL22cls65o1u65jeAKBT35fqZ9WotTPDds2k8uaNERJxF0f41hyyufCWeWP9aF6an5HlKA==",
      "license": "MIT"
    },
    "node_modules/js-tokens": {
      "version": "4.0.0",
      "resolved": "file:../vendor/enterprise-vue2/transitive/js-tokens-4.0.0.tgz",
      "integrity": "sha512-Wkp3p7uD6+UU6r6w3Qo4P86FWzBjHwMu8CRBRoDKPJXNYjyw3tDrx9uy56cRn5rABwG0cx5qbxTCEi2QrRJPlg==",
      "license": "MIT"
    },
    "node_modules/lodash-es": {
      "version": "4.18.1",
      "resolved": "file:../vendor/enterprise-vue2/lodash-es-4.18.1.tgz",
      "integrity": "sha512-J8xewKD/Gk22OZbhpOVSwcs60zhd95ESDwezOFuA3/099925PdHJ7OFHNTGtajL3AlZkykD32HykiMo+BIBI8A==",
      "license": "MIT",
      "peer": true
    },
    "node_modules/loose-envify": {
      "version": "1.4.0",
      "resolved": "file:../vendor/enterprise-vue2/transitive/loose-envify-1.4.0.tgz",
      "integrity": "sha512-ToXFwvQ5EuwHOsIA6Nzcks1IGxR/AOx7DxIbsRqWfhG+IwJIYFUsszcD/6e5EQrHGjFv8HGL5sruHHa2XAsgHA==",
      "license": "MIT",
      "dependencies": {
        "js-tokens": "^3.0.0 || ^4.0.0"
      },
      "bin": {
        "loose-envify": "cli.js"
      }
    },
    "node_modules/nanoid": {
      "version": "3.3.12",
      "resolved": "file:../vendor/enterprise-vue2/transitive/nanoid-3.3.12.tgz",
      "integrity": "sha512-3+1Xm3mgUp4zkpo/x9/zzdxjUrZ91RPWKDYfXG0u5DSpUj3I9iR/tja7dGyKnVcKyvkjnKDNFPZzvAUCTELqbw==",
      "funding": [
        {
          "type": "github",
          "url": "https://github.com/sponsors/ai"
        }
      ],
      "license": "MIT",
      "bin": {
        "nanoid": "bin/nanoid.cjs"
      },
      "engines": {
        "node": "^10 || ^12 || ^13.7 || ^14 || >=15.0.1"
      }
    },
    "node_modules/object-assign": {
      "version": "4.1.1",
      "resolved": "file:../vendor/enterprise-vue2/transitive/object-assign-4.1.1.tgz",
      "integrity": "sha512-avSUzRS3MP5sCkjonARIMnCUt9C4JxWifp/GuJKFK1LrjPse+lTUlyH6ocJWXfsaTLeLyZAmTd7WojHVHIA7bQ==",
      "license": "MIT",
      "engines": {
        "node": ">=0.10.0"
      }
    },
    "node_modules/optimism": {
      "version": "0.18.1",
      "resolved": "file:../vendor/enterprise-vue2/transitive/optimism-0.18.1.tgz",
      "integrity": "sha512-wSSKTxiykK/wcEnc8deyv2ktxYBBDUfu1HZ92SPYkW5Y63qrgk7N4gWztZupnZ6L+UXiPLkWObXR8REPyz3FmQ==",
      "license": "MIT",
      "dependencies": {
        "@wry/caches": "^1.0.0",
        "@wry/context": "^0.7.0",
        "@wry/trie": "^0.5.0",
        "tslib": "^2.3.0"
      }
    },
    "node_modules/picocolors": {
      "version": "1.1.1",
      "resolved": "file:../vendor/enterprise-vue2/transitive/picocolors-1.1.1.tgz",
      "integrity": "sha512-XTwjkgsPTf4U4uuEUrrmFu1BmUBgAXOhz3bDg99ssDfgW3dHsMvh/ZSXntPd7moT3eppc6wfhteKDRjyiVwdLA==",
      "license": "ISC"
    },
    "node_modules/postcss": {
      "version": "8.5.14",
      "resolved": "file:../vendor/enterprise-vue2/transitive/postcss-8.5.14.tgz",
      "integrity": "sha512-nIlDqAPSdaikwyNCf6TvoTTTHxsOPpxQ9b+x55nnuQbVjORvc3WiW+3AUgSNYrC9vsOi8xXGL2KcLMmHNHzaug==",
      "funding": [
        {
          "type": "opencollective",
          "url": "https://opencollective.com/postcss/"
        },
        {
          "type": "tidelift",
          "url": "https://tidelift.com/funding/github/npm/postcss"
        },
        {
          "type": "github",
          "url": "https://github.com/sponsors/ai"
        }
      ],
      "license": "MIT",
      "dependencies": {
        "nanoid": "^3.3.11",
        "picocolors": "^1.1.1",
        "source-map-js": "^1.2.1"
      },
      "engines": {
        "node": "^10 || ^12 || >=14"
      }
    },
    "node_modules/prettier": {
      "version": "2.8.8",
      "resolved": "file:../vendor/enterprise-vue2/transitive/prettier-2.8.8.tgz",
      "integrity": "sha512-qFMQ+y8IdfF6Q+y7xfatojoEPMzc3kExBtYe4IhA/QueTj6i1bBTVBmiU/0FHwUCif7duwKihkjBDDv05qyzpA==",
      "license": "MIT",
      "optional": true,
      "bin": {
        "prettier": "bin-prettier.js"
      },
      "engines": {
        "node": ">=10.13.0"
      },
      "funding": {
        "url": "https://github.com/prettier/prettier?sponsor=1"
      }
    },
    "node_modules/prop-types": {
      "version": "15.8.1",
      "resolved": "file:../vendor/enterprise-vue2/transitive/prop-types-15.8.1.tgz",
      "integrity": "sha512-WAfhFgMOc51zeFdXhjYDlBeBOT/my/+egBsA0ExBCvB87ksA6S6XF5nr95iwk+WOB06pgai1uNaV2zVxCnf1Jw==",
      "license": "MIT",
      "dependencies": {
        "loose-envify": "^1.4.0",
        "object-assign": "^4.1.1",
        "react-is": "^16.13.1"
      }
    },
    "node_modules/react-is": {
      "version": "16.13.1",
      "resolved": "file:../vendor/enterprise-vue2/transitive/react-is-16.13.1.tgz",
      "integrity": "sha512-zdrvLOjFYmBPPREdecEnUkdRW7C3c6FHMlQOK93Uk5Iz9L1CjDdZp8AgfvD1Z1vP27qQWpbqRs8XS2flPOoatg==",
      "license": "MIT"
    },
    "node_modules/rehackt": {
      "version": "0.1.0",
      "resolved": "file:../vendor/enterprise-vue2/transitive/rehackt-0.1.0.tgz",
      "integrity": "sha512-7kRDOuLHB87D/JESKxQoRwv4DzbIdwkAGQ7p6QKGdVlY1IZheUnVhlk/4UZlNUVxdAXpyxikE3URsG067ybVzw==",
      "license": "MIT",
      "peerDependencies": {
        "@types/react": "*",
        "react": "*"
      },
      "peerDependenciesMeta": {
        "@types/react": {
          "optional": true
        },
        "react": {
          "optional": true
        }
      }
    },
    "node_modules/select": {
      "version": "1.1.2",
      "resolved": "file:../vendor/enterprise-vue2/transitive/select-1.1.2.tgz",
      "integrity": "sha512-9EKMIKR+ps/aCl+WcZTo1cCNyD3326iu0yEOWMHGuTYK3lLXkmfuDTL5yWoy5c48QIJiOq7M3th790Qd/bLY9g==",
      "license": "MIT"
    },
    "node_modules/source-map": {
      "version": "0.6.1",
      "resolved": "file:../vendor/enterprise-vue2/transitive/source-map-0.6.1.tgz",
      "integrity": "sha512-DBWnRnWntCo4vJCAiyj4QSLj79T34YSao5JJ0WIW0vtDU4tzhXJWhhThvJtwa8VJO8JUmamwpiV2ioxAs6g5+Q==",
      "license": "BSD-3-Clause",
      "engines": {
        "node": ">=0.10.0"
      }
    },
    "node_modules/source-map-js": {
      "version": "1.2.1",
      "resolved": "file:../vendor/enterprise-vue2/transitive/source-map-js-1.2.1.tgz",
      "integrity": "sha512-UXWMKhLOwVKb728IUtQPXxfYU+usdybtUrK/8uGE8CQMvrhOpwvzDBwj0QhSL7MQc7vIsISBG8VQ8+IDQxpfQA==",
      "license": "BSD-3-Clause",
      "engines": {
        "node": ">=0.10.0"
      }
    },
    "node_modules/symbol-observable": {
      "version": "4.0.0",
      "resolved": "file:../vendor/enterprise-vue2/transitive/symbol-observable-4.0.0.tgz",
      "integrity": "sha512-5eJ0Qaa3mlQSaEsSBled9ea4j/UUbqW/wMq2j39E743i3vNZ+y/tESFyJYPetkH8Idu3LfSsOVylNKKM0YmMXA==",
      "license": "MIT",
      "engines": {
        "node": ">=0.10"
      }
    },
    "node_modules/tiny-emitter": {
      "version": "2.1.0",
      "resolved": "file:../vendor/enterprise-vue2/transitive/tiny-emitter-2.1.0.tgz",
      "integrity": "sha512-zACrwTXcwAAyQ7YPGUFivd+LCzvj1UcBwYYu/KDLUijOinXD/bwnmu1jIZQsGDja/nl+y9QfOy6uHFafnad+gg==",
      "license": "MIT"
    },
    "node_modules/ts-invariant": {
      "version": "0.10.3",
      "resolved": "file:../vendor/enterprise-vue2/transitive/ts-invariant-0.10.3.tgz",
      "integrity": "sha512-vxrULcjsUBvuSL+3vIIKoqEtsS7oO6/kbrQndc1+m4tylg5ZQ1Z4iuJE/RQBJ5DT9PW1LT2QVXqg/E3OEZydow==",
      "license": "MIT",
      "dependencies": {
        "tslib": "^2.1.0"
      },
      "engines": {
        "node": ">=8"
      }
    },
    "node_modules/tslib": {
      "version": "2.8.1",
      "resolved": "file:../vendor/enterprise-vue2/transitive/tslib-2.8.1.tgz",
      "integrity": "sha512-oJFu94HQb+KVduSUQL7wnpmqnfmLsOA/nAh6b6EH0wCEoK0/mPeXU6c3wKDV83MkOuHPRHtSXKKU99IBazS/2w==",
      "license": "0BSD"
    },
    "node_modules/v-viewer": {
      "version": "1.7.4",
      "resolved": "file:../vendor/enterprise-vue2/v-viewer-1.7.4.tgz",
      "integrity": "sha512-A1u/loB04YMoihsVyD2vQdRef3o3VKzh8l1w4kVXpxXCdi0hFCb5YhphMOTKIOjTLA7JyHMwfCucMaP6xVd9Ng==",
      "license": "MIT",
      "dependencies": {
        "lodash-es": "^4.17.21",
        "viewerjs": "^1.11.6"
      },
      "peerDependencies": {
        "viewerjs": "^1.9.0",
        "vue": "^2.0.0"
      }
    },
    "node_modules/viewerjs": {
      "version": "1.11.7",
      "resolved": "file:../vendor/enterprise-vue2/viewerjs-1.11.7.tgz",
      "integrity": "sha512-pXI3Z9u9EpIT2JhOwciDlus8Xll4RuQLkAaM9BUib9477v3mf/Ot0Uiv6hJVWTffrUK4JOflIZ0I95PF+uUaMw==",
      "license": "MIT"
    },
    "node_modules/vue": {
      "version": "2.7.16",
      "resolved": "file:../vendor/enterprise-vue2/vue-2.7.16.tgz",
      "integrity": "sha512-1K0MMA9HOogh6R9okpz+TCL/6e9rwKXPuClwB2MMIJ2a6geGAiUhNpvTeH8RLJIC1SuSUjK6NfVh5O/zpZsdgg==",
      "license": "MIT",
      "peer": true,
      "dependencies": {
        "@vue/compiler-sfc": "2.7.16",
        "csstype": "^3.1.0"
      }
    },
    "node_modules/vue-runtime-helpers": {
      "version": "1.1.2",
      "resolved": "file:../vendor/enterprise-vue2/vue-runtime-helpers-1.1.2.tgz",
      "integrity": "sha512-BdCIjKaNV20jHVzQPcJ9bsZZEu6NePmvba68AdJ79llIWkhPdgZdiD80g9ZGumj+wiiz+xcvukrcbgtASmD95Q==",
      "license": "MIT"
    },
    "node_modules/xss": {
      "version": "1.0.15",
      "resolved": "file:../vendor/enterprise-vue2/transitive/xss-1.0.15.tgz",
      "integrity": "sha512-FVdlVVC67WOIPvfOwhoMETV72f6GbW7aOabBC3WxN/oUdoEMDyLz4OgRv5/gck2ZeNqEQu+Tb0kloovXOfpYVg==",
      "license": "MIT",
      "dependencies": {
        "commander": "^2.20.3",
        "cssfilter": "0.0.10"
      },
      "bin": {
        "xss": "bin/xss"
      },
      "engines": {
        "node": ">= 0.10.0"
      }
    },
    "node_modules/zen-observable": {
      "version": "0.8.15",
      "resolved": "file:../vendor/enterprise-vue2/transitive/zen-observable-0.8.15.tgz",
      "integrity": "sha512-hTXtsCcCuyr4ZZUkGZ3wUxyyKCjJv1udg4WVh5WrHgDQHgCpR7L7XIq3yScHQDuFJlaiUONdRYnR8C7mXMpWmQ==",
      "license": "MIT"
    },
    "node_modules/zen-observable-ts": {
      "version": "1.2.5",
      "resolved": "file:../vendor/enterprise-vue2/transitive/zen-observable-ts-1.2.5.tgz",
      "integrity": "sha512-UFzaF0zeVd407zmxQhBVIN5go/rbaPFrDm/c2W3UE2M0yLaJ0NgVkoavk4Ft/YZ6rQp0+Qe8bPrgqvwR3loA4Q==",
      "license": "MIT",
      "dependencies": {
        "zen-observable": "0.8.15"
      }
    }
  }
}
